
Microsoft Visual Studio Solution File, Format Version 12.00
# Visual Studio Version 16
VisualStudioVersion = 16.0.30804.86
MinimumVisualStudioVersion = 10.0.40219.1
Project("{FAE04EC0-301F-11D3-BF4B-00C04F79EFBC}") = "LocalDB", "LocalDB\LocalDB.csproj", "{30174254-C2E4-4112-9D6A-B780D9836773}"
EndProject
Global
	GlobalSection(SolutionConfigurationPlatforms) = preSolution
		Debug|Any CPU = Debug|Any CPU
		Release|Any CPU = Release|Any CPU
	EndGlobalSection
	GlobalSection(ProjectConfigurationPlatforms) = postSolution
		{30174254-C2E4-4112-9D6A-B780D9836773}.Debug|Any CPU.ActiveCfg = Debug|Any CPU
		{30174254-C2E4-4112-9D6A-B780D9836773}.Debug|Any CPU.Build.0 = Debug|Any CPU
		{30174254-C2E4-4112-9D6A-B780D9836773}.Release|Any CPU.ActiveCfg = Release|Any CPU
		{30174254-C2E4-4112-9D6A-B780D9836773}.Release|Any CPU.Build.0 = Release|Any CPU
	EndGlobalSection
	GlobalSection(SolutionProperties) = preSolution
		HideSolutionNode = FALSE
	EndGlobalSection
	GlobalSection(ExtensibilityGlobals) = postSolution
		SolutionGuid = {5DF6DC90-A1CB-41EC-AEBC-663F1BB74C3E}
	EndGlobalSection
EndGlobal
